
Microsoft Visual Studio Solution File, Format Version 12.00
# Visual Studio Version 17
VisualStudioVersion = 17.5.33516.290
MinimumVisualStudioVersion = 10.0.40219.1
Project("{FAE04EC0-301F-11D3-BF4B-00C04F79EFBC}") = "OtoServisSatis.WinApp", "OtoServis.WinApp\OtoServisSatis.WinApp.csproj", "{AC437521-34AA-4E7A-A13F-BB989A0C9B2C}"
EndProject
Project("{FAE04EC0-301F-11D3-BF4B-00C04F79EFBC}") = "OtoServisSatis.Entities", "OtoServisSatis.Entities\OtoServisSatis.Entities.csproj", "{F13B9214-1D79-4DA9-B37F-FF8D1525CFD7}"
EndProject
Project("{FAE04EC0-301F-11D3-BF4B-00C04F79EFBC}") = "OtoServisSatis.DAL", "OtoServisSatis.DAL\OtoServisSatis.DAL.csproj", "{D86A9D60-B364-402C-8D0D-5E1DF8D15C12}"
EndProject
Project("{FAE04EC0-301F-11D3-BF4B-00C04F79EFBC}") = "OtoServisSati.BL", "OtoServisSati.BL\OtoServisSati.BL.csproj", "{1F1E86B1-F47A-4FB6-AB4C-C30653B9E9ED}"
EndProject
Project("{FAE04EC0-301F-11D3-BF4B-00C04F79EFBC}") = "OtoServisSatis.WebFormUI", "OtoServisSatis.WebFormUI\OtoServisSatis.WebFormUI.csproj", "{23EF1343-9F5E-4990-A87E-360397791079}"
EndProject
Global
	GlobalSection(SolutionConfigurationPlatforms) = preSolution
		Debug|Any CPU = Debug|Any CPU
		Release|Any CPU = Release|Any CPU
	EndGlobalSection
	GlobalSection(ProjectConfigurationPlatforms) = postSolution
		{AC437521-34AA-4E7A-A13F-BB989A0C9B2C}.Debug|Any CPU.ActiveCfg = Debug|Any CPU
		{AC437521-34AA-4E7A-A13F-BB989A0C9B2C}.Debug|Any CPU.Build.0 = Debug|Any CPU
		{AC437521-34AA-4E7A-A13F-BB989A0C9B2C}.Release|Any CPU.ActiveCfg = Release|Any CPU
		{AC437521-34AA-4E7A-A13F-BB989A0C9B2C}.Release|Any CPU.Build.0 = Release|Any CPU
		{F13B9214-1D79-4DA9-B37F-FF8D1525CFD7}.Debug|Any CPU.ActiveCfg = Debug|Any CPU
		{F13B9214-1D79-4DA9-B37F-FF8D1525CFD7}.Debug|Any CPU.Build.0 = Debug|Any CPU
		{F13B9214-1D79-4DA9-B37F-FF8D1525CFD7}.Release|Any CPU.ActiveCfg = Release|Any CPU
		{F13B9214-1D79-4DA9-B37F-FF8D1525CFD7}.Release|Any CPU.Build.0 = Release|Any CPU
		{D86A9D60-B364-402C-8D0D-5E1DF8D15C12}.Debug|Any CPU.ActiveCfg = Debug|Any CPU
		{D86A9D60-B364-402C-8D0D-5E1DF8D15C12}.Debug|Any CPU.Build.0 = Debug|Any CPU
		{D86A9D60-B364-402C-8D0D-5E1DF8D15C12}.Release|Any CPU.ActiveCfg = Release|Any CPU
		{D86A9D60-B364-402C-8D0D-5E1DF8D15C12}.Release|Any CPU.Build.0 = Release|Any CPU
		{1F1E86B1-F47A-4FB6-AB4C-C30653B9E9ED}.Debug|Any CPU.ActiveCfg = Debug|Any CPU
		{1F1E86B1-F47A-4FB6-AB4C-C30653B9E9ED}.Debug|Any CPU.Build.0 = Debug|Any CPU
		{1F1E86B1-F47A-4FB6-AB4C-C30653B9E9ED}.Release|Any CPU.ActiveCfg = Release|Any CPU
		{1F1E86B1-F47A-4FB6-AB4C-C30653B9E9ED}.Release|Any CPU.Build.0 = Release|Any CPU
		{23EF1343-9F5E-4990-A87E-360397791079}.Debug|Any CPU.ActiveCfg = Debug|Any CPU
		{23EF1343-9F5E-4990-A87E-360397791079}.Debug|Any CPU.Build.0 = Debug|Any CPU
		{23EF1343-9F5E-4990-A87E-360397791079}.Release|Any CPU.ActiveCfg = Release|Any CPU
		{23EF1343-9F5E-4990-A87E-360397791079}.Release|Any CPU.Build.0 = Release|Any CPU
	EndGlobalSection
	GlobalSection(SolutionProperties) = preSolution
		HideSolutionNode = FALSE
	EndGlobalSection
	GlobalSection(ExtensibilityGlobals) = postSolution
		SolutionGuid = {D44A8AB5-7C15-4D7F-8271-DED7567C748E}
	EndGlobalSection
EndGlobal
